// !$*UTF8*$!
{
	archiveVersion = 1;
	classes = {
	};
	objectVersion = 46;
	objects = {

/* Begin PBXBuildFile section */
		826E09A8074742825B6C0FE5 /* Pods_Hackathon.framework in Frameworks */ = {isa = PBXBuildFile; fileRef = 103C1B7F61E32A6EBD7BD7FC /* Pods_Hackathon.framework */; settings = {ATTRIBUTES = (Weak, ); }; };
		C6C0812B1B91348E00CB1956 /* AppDelegate.swift in Sources */ = {isa = PBXBuildFile; fileRef = C6C0812A1B91348E00CB1956 /* AppDelegate.swift */; };
		C6C0812D1B91348E00CB1956 /* LoginViewController.swift in Sources */ = {isa = PBXBuildFile; fileRef = C6C0812C1B91348E00CB1956 /* LoginViewController.swift */; };
		C6C081301B91348E00CB1956 /* Login.storyboard in Resources */ = {isa = PBXBuildFile; fileRef = C6C0812E1B91348E00CB1956 /* Login.storyboard */; };
		C6C081321B91348E00CB1956 /* Images.xcassets in Resources */ = {isa = PBXBuildFile; fileRef = C6C081311B91348E00CB1956 /* Images.xcassets */; };
		C6C081351B91348E00CB1956 /* LaunchScreen.xib in Resources */ = {isa = PBXBuildFile; fileRef = C6C081331B91348E00CB1956 /* LaunchScreen.xib */; };
		C6C081541B9137CB00CB1956 /* UIImage+FixImageOrientation.m in Sources */ = {isa = PBXBuildFile; fileRef = C6C081531B9137CB00CB1956 /* UIImage+FixImageOrientation.m */; };
		C6C081571B91383600CB1956 /* RelativeDateFormatter.swift in Sources */ = {isa = PBXBuildFile; fileRef = C6C081561B91383600CB1956 /* RelativeDateFormatter.swift */; };
		C6C081591B91386700CB1956 /* AppStateTransitioner.swift in Sources */ = {isa = PBXBuildFile; fileRef = C6C081581B91386700CB1956 /* AppStateTransitioner.swift */; };
		C6C0815B1B913CCD00CB1956 /* GoogleService-Info.plist in Resources */ = {isa = PBXBuildFile; fileRef = C6C0815A1B913CCD00CB1956 /* GoogleService-Info.plist */; };
		C6C0815D1B913D8100CB1956 /* SystemConfiguration.framework in Frameworks */ = {isa = PBXBuildFile; fileRef = C6C0815C1B913D8100CB1956 /* SystemConfiguration.framework */; };
		C6C0815F1B913D8500CB1956 /* MobileCoreServices.framework in Frameworks */ = {isa = PBXBuildFile; fileRef = C6C0815E1B913D8500CB1956 /* MobileCoreServices.framework */; };
		C6C081611B913D8A00CB1956 /* CoreGraphics.framework in Frameworks */ = {isa = PBXBuildFile; fileRef = C6C081601B913D8A00CB1956 /* CoreGraphics.framework */; };
		C6C081631B913DDB00CB1956 /* MessageUI.framework in Frameworks */ = {isa = PBXBuildFile; fileRef = C6C081621B913DDB00CB1956 /* MessageUI.framework */; };
		C6C081651B913DE000CB1956 /* QuartzCore.framework in Frameworks */ = {isa = PBXBuildFile; fileRef = C6C081641B913DE000CB1956 /* QuartzCore.framework */; };
/* End PBXBuildFile section */

/* Begin PBXFileReference section */
		103C1B7F61E32A6EBD7BD7FC /* Pods_Hackathon.framework */ = {isa = PBXFileReference; explicitFileType = wrapper.framework; includeInIndex = 0; path = Pods_Hackathon.framework; sourceTree = BUILT_PRODUCTS_DIR; };
		748A6DD882FC3E116AFE887E /* Pods-Hackathon.release.xcconfig */ = {isa = PBXFileReference; includeInIndex = 1; lastKnownFileType = text.xcconfig; name = "Pods-Hackathon.release.xcconfig"; path = "Pods/Target Support Files/Pods-Hackathon/Pods-Hackathon.release.xcconfig"; sourceTree = "<group>"; };
		BB46796662938B457BE76810 /* Pods-Hackathon.debug.xcconfig */ = {isa = PBXFileReference; includeInIndex = 1; lastKnownFileType = text.xcconfig; name = "Pods-Hackathon.debug.xcconfig"; path = "Pods/Target Support Files/Pods-Hackathon/Pods-Hackathon.debug.xcconfig"; sourceTree = "<group>"; };
		C6C081251B91348E00CB1956 /* Hackathon.app */ = {isa = PBXFileReference; explicitFileType = wrapper.application; includeInIndex = 0; path = Hackathon.app; sourceTree = BUILT_PRODUCTS_DIR; };
		C6C081291B91348E00CB1956 /* Info.plist */ = {isa = PBXFileReference; lastKnownFileType = text.plist.xml; path = Info.plist; sourceTree = "<group>"; };
		C6C0812A1B91348E00CB1956 /* AppDelegate.swift */ = {isa = PBXFileReference; lastKnownFileType = sourcecode.swift; path = AppDelegate.swift; sourceTree = "<group>"; };
		C6C0812C1B91348E00CB1956 /* LoginViewController.swift */ = {isa = PBXFileReference; lastKnownFileType = sourcecode.swift; path = LoginViewController.swift; sourceTree = "<group>"; };
		C6C0812F1B91348E00CB1956 /* Base */ = {isa = PBXFileReference; lastKnownFileType = file.storyboard; name = Base; path = Base.lproj/Login.storyboard; sourceTree = "<group>"; };
		C6C081311B91348E00CB1956 /* Images.xcassets */ = {isa = PBXFileReference; lastKnownFileType = folder.assetcatalog; path = Images.xcassets; sourceTree = "<group>"; };
		C6C081341B91348E00CB1956 /* Base */ = {isa = PBXFileReference; lastKnownFileType = file.xib; name = Base; path = Base.lproj/LaunchScreen.xib; sourceTree = "<group>"; };
		C6C081511B9137CB00CB1956 /* Hackathon-Bridging-Header.h */ = {isa = PBXFileReference; lastKnownFileType = sourcecode.c.h; path = "Hackathon-Bridging-Header.h"; sourceTree = "<group>"; };
		C6C081521B9137CB00CB1956 /* UIImage+FixImageOrientation.h */ = {isa = PBXFileReference; fileEncoding = 4; lastKnownFileType = sourcecode.c.h; path = "UIImage+FixImageOrientation.h"; sourceTree = "<group>"; };
		C6C081531B9137CB00CB1956 /* UIImage+FixImageOrientation.m */ = {isa = PBXFileReference; fileEncoding = 4; lastKnownFileType = sourcecode.c.objc; path = "UIImage+FixImageOrientation.m"; sourceTree = "<group>"; };
		C6C081561B91383600CB1956 /* RelativeDateFormatter.swift */ = {isa = PBXFileReference; fileEncoding = 4; lastKnownFileType = sourcecode.swift; path = RelativeDateFormatter.swift; sourceTree = "<group>"; };
		C6C081581B91386700CB1956 /* AppStateTransitioner.swift */ = {isa = PBXFileReference; fileEncoding = 4; lastKnownFileType = sourcecode.swift; path = AppStateTransitioner.swift; sourceTree = "<group>"; };
		C6C0815A1B913CCD00CB1956 /* GoogleService-Info.plist */ = {isa = PBXFileReference; fileEncoding = 4; lastKnownFileType = text.plist.xml; path = "GoogleService-Info.plist"; sourceTree = "<group>"; };
		C6C0815C1B913D8100CB1956 /* SystemConfiguration.framework */ = {isa = PBXFileReference; lastKnownFileType = wrapper.framework; name = SystemConfiguration.framework; path = System/Library/Frameworks/SystemConfiguration.framework; sourceTree = SDKROOT; };
		C6C0815E1B913D8500CB1956 /* MobileCoreServices.framework */ = {isa = PBXFileReference; lastKnownFileType = wrapper.framework; name = MobileCoreServices.framework; path = System/Library/Frameworks/MobileCoreServices.framework; sourceTree = SDKROOT; };
		C6C081601B913D8A00CB1956 /* CoreGraphics.framework */ = {isa = PBXFileReference; lastKnownFileType = wrapper.framework; name = CoreGraphics.framework; path = System/Library/Frameworks/CoreGraphics.framework; sourceTree = SDKROOT; };
		C6C081621B913DDB00CB1956 /* MessageUI.framework */ = {isa = PBXFileReference; lastKnownFileType = wrapper.framework; name = MessageUI.framework; path = System/Library/Frameworks/MessageUI.framework; sourceTree = SDKROOT; };
		C6C081641B913DE000CB1956 /* QuartzCore.framework */ = {isa = PBXFileReference; lastKnownFileType = wrapper.framework; name = QuartzCore.framework; path = System/Library/Frameworks/QuartzCore.framework; sourceTree = SDKROOT; };
/* End PBXFileReference section */

/* Begin PBXFrameworksBuildPhase section */
		C6C081221B91348E00CB1956 /* Frameworks */ = {
			isa = PBXFrameworksBuildPhase;
			buildActionMask = 2147483647;
			files = (
				C6C081651B913DE000CB1956 /* QuartzCore.framework in Frameworks */,
				C6C081631B913DDB00CB1956 /* MessageUI.framework in Frameworks */,
				C6C081611B913D8A00CB1956 /* CoreGraphics.framework in Frameworks */,
				C6C0815F1B913D8500CB1956 /* MobileCoreServices.framework in Frameworks */,
				C6C0815D1B913D8100CB1956 /* SystemConfiguration.framework in Frameworks */,
				826E09A8074742825B6C0FE5 /* Pods_Hackathon.framework in Frameworks */,
			);
			runOnlyForDeploymentPostprocessing = 0;
		};
/* End PBXFrameworksBuildPhase section */

/* Begin PBXGroup section */
		9CD3863A0DD3407BAAA2BB37 /* Pods */ = {
			isa = PBXGroup;
			children = (
				BB46796662938B457BE76810 /* Pods-Hackathon.debug.xcconfig */,
				748A6DD882FC3E116AFE887E /* Pods-Hackathon.release.xcconfig */,
			);
			name = Pods;
			sourceTree = "<group>";
		};
		C6C0811C1B91348E00CB1956 = {
			isa = PBXGroup;
			children = (
				C6C081271B91348E00CB1956 /* Hackathon */,
				C6C081261B91348E00CB1956 /* Products */,
				9CD3863A0DD3407BAAA2BB37 /* Pods */,
				F665A9060C3E6469DF3212AB /* Frameworks */,
			);
			sourceTree = "<group>";
		};
		C6C081261B91348E00CB1956 /* Products */ = {
			isa = PBXGroup;
			children = (
				C6C081251B91348E00CB1956 /* Hackathon.app */,
			);
			name = Products;
			sourceTree = "<group>";
		};
		C6C081271B91348E00CB1956 /* Hackathon */ = {
			isa = PBXGroup;
			children = (
				C6C0812A1B91348E00CB1956 /* AppDelegate.swift */,
				C6C081311B91348E00CB1956 /* Images.xcassets */,
				C6C0814C1B9135BD00CB1956 /* Session Manager */,
				C6C0814B1B9135B900CB1956 /* Components */,
				C6C0814E1B9135D000CB1956 /* Storyboards / UI */,
				C6C0814A1B9135B400CB1956 /* View Controllers */,
				C6C081281B91348E00CB1956 /* Supporting Files */,
			);
			path = Hackathon;
			sourceTree = "<group>";
		};
		C6C081281B91348E00CB1956 /* Supporting Files */ = {
			isa = PBXGroup;
			children = (
				C6C0815A1B913CCD00CB1956 /* GoogleService-Info.plist */,
				C6C081511B9137CB00CB1956 /* Hackathon-Bridging-Header.h */,
				C6C081291B91348E00CB1956 /* Info.plist */,
			);
			name = "Supporting Files";
			sourceTree = "<group>";
		};
		C6C0814A1B9135B400CB1956 /* View Controllers */ = {
			isa = PBXGroup;
			children = (
				C6C0812C1B91348E00CB1956 /* LoginViewController.swift */,
			);
			name = "View Controllers";
			sourceTree = "<group>";
		};
		C6C0814B1B9135B900CB1956 /* Components */ = {
			isa = PBXGroup;
			children = (
				C6C081551B91382700CB1956 /* Relative Date Formatter */,
				C6C081501B9137B700CB1956 /* Fix Image Orientation */,
			);
			name = Components;
			sourceTree = "<group>";
		};
		C6C0814C1B9135BD00CB1956 /* Session Manager */ = {
			isa = PBXGroup;
			children = (
				C6C0814D1B9135C800CB1956 /* Data Models */,
			);
			name = "Session Manager";
			sourceTree = "<group>";
		};
		C6C0814D1B9135C800CB1956 /* Data Models */ = {
			isa = PBXGroup;
			children = (
			);
			name = "Data Models";
			sourceTree = "<group>";
		};
		C6C0814E1B9135D000CB1956 /* Storyboards / UI */ = {
			isa = PBXGroup;
			children = (
				C6C0812E1B91348E00CB1956 /* Login.storyboard */,
				C6C081331B91348E00CB1956 /* LaunchScreen.xib */,
				C6C081581B91386700CB1956 /* AppStateTransitioner.swift */,
			);
			name = "Storyboards / UI";
			sourceTree = "<group>";
		};
		C6C081501B9137B700CB1956 /* Fix Image Orientation */ = {
			isa = PBXGroup;
			children = (
				C6C081521B9137CB00CB1956 /* UIImage+FixImageOrientation.h */,
				C6C081531B9137CB00CB1956 /* UIImage+FixImageOrientation.m */,
			);
			name = "Fix Image Orientation";
			sourceTree = "<group>";
		};
		C6C081551B91382700CB1956 /* Relative Date Formatter */ = {
			isa = PBXGroup;
			children = (
				C6C081561B91383600CB1956 /* RelativeDateFormatter.swift */,
			);
			name = "Relative Date Formatter";
			sourceTree = "<group>";
		};
		F665A9060C3E6469DF3212AB /* Frameworks */ = {
			isa = PBXGroup;
			children = (
				C6C081641B913DE000CB1956 /* QuartzCore.framework */,
				C6C081621B913DDB00CB1956 /* MessageUI.framework */,
				C6C081601B913D8A00CB1956 /* CoreGraphics.framework */,
				C6C0815E1B913D8500CB1956 /* MobileCoreServices.framework */,
				C6C0815C1B913D8100CB1956 /* SystemConfiguration.framework */,
				103C1B7F61E32A6EBD7BD7FC /* Pods_Hackathon.framework */,
			);
			name = Frameworks;
			sourceTree = "<group>";
		};
/* End PBXGroup section */

/* Begin PBXNativeTarget section */
		C6C081241B91348E00CB1956 /* Hackathon */ = {
			isa = PBXNativeTarget;
			buildConfigurationList = C6C081441B91348E00CB1956 /* Build configuration list for PBXNativeTarget "Hackathon" */;
			buildPhases = (
				E19E986EA67289411BA7625F /* Check Pods Manifest.lock */,
				C6C081211B91348E00CB1956 /* Sources */,
				C6C081221B91348E00CB1956 /* Frameworks */,
				C6C081231B91348E00CB1956 /* Resources */,
				4FAC190EE0FA1876B0695462 /* Embed Pods Frameworks */,
				5B164FF860D8F657B51AC4DE /* Copy Pods Resources */,
			);
			buildRules = (
			);
			dependencies = (
			);
			name = Hackathon;
			productName = Hackathon;
			productReference = C6C081251B91348E00CB1956 /* Hackathon.app */;
			productType = "com.apple.product-type.application";
		};
/* End PBXNativeTarget section */

/* Begin PBXProject section */
		C6C0811D1B91348E00CB1956 /* Project object */ = {
			isa = PBXProject;
			attributes = {
				LastUpgradeCheck = 0640;
				ORGANIZATIONNAME = WeAreRoot;
				TargetAttributes = {
					C6C081241B91348E00CB1956 = {
						CreatedOnToolsVersion = 6.4;
					};
				};
			};
			buildConfigurationList = C6C081201B91348E00CB1956 /* Build configuration list for PBXProject "Hackathon" */;
			compatibilityVersion = "Xcode 3.2";
			developmentRegion = English;
			hasScannedForEncodings = 0;
			knownRegions = (
				en,
				Base,
			);
			mainGroup = C6C0811C1B91348E00CB1956;
			productRefGroup = C6C081261B91348E00CB1956 /* Products */;
			projectDirPath = "";
			projectRoot = "";
			targets = (
				C6C081241B91348E00CB1956 /* Hackathon */,
			);
		};
/* End PBXProject section */

/* Begin PBXResourcesBuildPhase section */
		C6C081231B91348E00CB1956 /* Resources */ = {
			isa = PBXResourcesBuildPhase;
			buildActionMask = 2147483647;
			files = (
				C6C081301B91348E00CB1956 /* Login.storyboard in Resources */,
				C6C0815B1B913CCD00CB1956 /* GoogleService-Info.plist in Resources */,
				C6C081351B91348E00CB1956 /* LaunchScreen.xib in Resources */,
				C6C081321B91348E00CB1956 /* Images.xcassets in Resources */,
			);
			runOnlyForDeploymentPostprocessing = 0;
		};
/* End PBXResourcesBuildPhase section */

/* Begin PBXShellScriptBuildPhase section */
		4FAC190EE0FA1876B0695462 /* Embed Pods Frameworks */ = {
			isa = PBXShellScriptBuildPhase;
			buildActionMask = 2147483647;
			files = (
			);
			inputPaths = (
			);
			name = "Embed Pods Frameworks";
			outputPaths = (
			);
			runOnlyForDeploymentPostprocessing = 0;
			shellPath = /bin/sh;
			shellScript = "\"${SRCROOT}/Pods/Target Support Files/Pods-Hackathon/Pods-Hackathon-frameworks.sh\"\n";
			showEnvVarsInLog = 0;
		};
		5B164FF860D8F657B51AC4DE /* Copy Pods Resources */ = {
			isa = PBXShellScriptBuildPhase;
			buildActionMask = 2147483647;
			files = (
			);
			inputPaths = (
			);
			name = "Copy Pods Resources";
			outputPaths = (
			);
			runOnlyForDeploymentPostprocessing = 0;
			shellPath = /bin/sh;
			shellScript = "\"${SRCROOT}/Pods/Target Support Files/Pods-Hackathon/Pods-Hackathon-resources.sh\"\n";
			showEnvVarsInLog = 0;
		};
		E19E986EA67289411BA7625F /* Check Pods Manifest.lock */ = {
			isa = PBXShellScriptBuildPhase;
			buildActionMask = 2147483647;
			files = (
			);
			inputPaths = (
			);
			name = "Check Pods Manifest.lock";
			outputPaths = (
			);
			runOnlyForDeploymentPostprocessing = 0;
			shellPath = /bin/sh;
			shellScript = "diff \"${PODS_ROOT}/../Podfile.lock\" \"${PODS_ROOT}/Manifest.lock\" > /dev/null\nif [[ $? != 0 ]] ; then\n    cat << EOM\nerror: The sandbox is not in sync with the Podfile.lock. Run 'pod install' or update your CocoaPods installation.\nEOM\n    exit 1\nfi\n";
			showEnvVarsInLog = 0;
		};
/* End PBXShellScriptBuildPhase section */

/* Begin PBXSourcesBuildPhase section */
		C6C081211B91348E00CB1956 /* Sources */ = {
			isa = PBXSourcesBuildPhase;
			buildActionMask = 2147483647;
			files = (
				C6C081571B91383600CB1956 /* RelativeDateFormatter.swift in Sources */,
				C6C0812D1B91348E00CB1956 /* LoginViewController.swift in Sources */,
				C6C081591B91386700CB1956 /* AppStateTransitioner.swift in Sources */,
				C6C0812B1B91348E00CB1956 /* AppDelegate.swift in Sources */,
				C6C081541B9137CB00CB1956 /* UIImage+FixImageOrientation.m in Sources */,
			);
			runOnlyForDeploymentPostprocessing = 0;
		};
/* End PBXSourcesBuildPhase section */

/* Begin PBXVariantGroup section */
		C6C0812E1B91348E00CB1956 /* Login.storyboard */ = {
			isa = PBXVariantGroup;
			children = (
				C6C0812F1B91348E00CB1956 /* Base */,
			);
			name = Login.storyboard;
			sourceTree = "<group>";
		};
		C6C081331B91348E00CB1956 /* LaunchScreen.xib */ = {
			isa = PBXVariantGroup;
			children = (
				C6C081341B91348E00CB1956 /* Base */,
			);
			name = LaunchScreen.xib;
			sourceTree = "<group>";
		};
/* End PBXVariantGroup section */

/* Begin XCBuildConfiguration section */
		C6C081421B91348E00CB1956 /* Debug */ = {
			isa = XCBuildConfiguration;
			buildSettings = {
				ALWAYS_SEARCH_USER_PATHS = NO;
				CLANG_CXX_LANGUAGE_STANDARD = "gnu++0x";
				CLANG_CXX_LIBRARY = "libc++";
				CLANG_ENABLE_MODULES = YES;
				CLANG_ENABLE_OBJC_ARC = YES;
				CLANG_WARN_BOOL_CONVERSION = YES;
				CLANG_WARN_CONSTANT_CONVERSION = YES;
				CLANG_WARN_DIRECT_OBJC_ISA_USAGE = YES_ERROR;
				CLANG_WARN_EMPTY_BODY = YES;
				CLANG_WARN_ENUM_CONVERSION = YES;
				CLANG_WARN_INT_CONVERSION = YES;
				CLANG_WARN_OBJC_ROOT_CLASS = YES_ERROR;
				CLANG_WARN_UNREACHABLE_CODE = YES;
				CLANG_WARN__DUPLICATE_METHOD_MATCH = YES;
				"CODE_SIGN_IDENTITY[sdk=iphoneos*]" = "iPhone Developer";
				COPY_PHASE_STRIP = NO;
				DEBUG_INFORMATION_FORMAT = "dwarf-with-dsym";
				ENABLE_STRICT_OBJC_MSGSEND = YES;
				GCC_C_LANGUAGE_STANDARD = gnu99;
				GCC_DYNAMIC_NO_PIC = NO;
				GCC_NO_COMMON_BLOCKS = YES;
				GCC_OPTIMIZATION_LEVEL = 0;
				GCC_PREPROCESSOR_DEFINITIONS = (
					"DEBUG=1",
					"$(inherited)",
				);
				GCC_SYMBOLS_PRIVATE_EXTERN = NO;
				GCC_WARN_64_TO_32_BIT_CONVERSION = YES;
				GCC_WARN_ABOUT_RETURN_TYPE = YES_ERROR;
				GCC_WARN_UNDECLARED_SELECTOR = YES;
				GCC_WARN_UNINITIALIZED_AUTOS = YES_AGGRESSIVE;
				GCC_WARN_UNUSED_FUNCTION = YES;
				GCC_WARN_UNUSED_VARIABLE = YES;
				IPHONEOS_DEPLOYMENT_TARGET = 8.4;
				MTL_ENABLE_DEBUG_INFO = YES;
				ONLY_ACTIVE_ARCH = YES;
				SDKROOT = iphoneos;
				SWIFT_OPTIMIZATION_LEVEL = "-Onone";
			};
			name = Debug;
		};
		C6C081431B91348E00CB1956 /* Release */ = {
			isa = XCBuildConfiguration;
			buildSettings = {
				ALWAYS_SEARCH_USER_PATHS = NO;
				CLANG_CXX_LANGUAGE_STANDARD = "gnu++0x";
				CLANG_CXX_LIBRARY = "libc++";
				CLANG_ENABLE_MODULES = YES;
				CLANG_ENABLE_OBJC_ARC = YES;
				CLANG_WARN_BOOL_CONVERSION = YES;
				CLANG_WARN_CONSTANT_CONVERSION = YES;
				CLANG_WARN_DIRECT_OBJC_ISA_USAGE = YES_ERROR;
				CLANG_WARN_EMPTY_BODY = YES;
				CLANG_WARN_ENUM_CONVERSION = YES;
				CLANG_WARN_INT_CONVERSION = YES;
				CLANG_WARN_OBJC_ROOT_CLASS = YES_ERROR;
				CLANG_WARN_UNREACHABLE_CODE = YES;
				CLANG_WARN__DUPLICATE_METHOD_MATCH = YES;
				"CODE_SIGN_IDENTITY[sdk=iphoneos*]" = "iPhone Developer";
				COPY_PHASE_STRIP = NO;
				DEBUG_INFORMATION_FORMAT = "dwarf-with-dsym";
				ENABLE_NS_ASSERTIONS = NO;
				ENABLE_STRICT_OBJC_MSGSEND = YES;
				GCC_C_LANGUAGE_STANDARD = gnu99;
				GCC_NO_COMMON_BLOCKS = YES;
				GCC_WARN_64_TO_32_BIT_CONVERSION = YES;
				GCC_WARN_ABOUT_RETURN_TYPE = YES_ERROR;
				GCC_WARN_UNDECLARED_SELECTOR = YES;
				GCC_WARN_UNINITIALIZED_AUTOS = YES_AGGRESSIVE;
				GCC_WARN_UNUSED_FUNCTION = YES;
				GCC_WARN_UNUSED_VARIABLE = YES;
				IPHONEOS_DEPLOYMENT_TARGET = 8.4;
				MTL_ENABLE_DEBUG_INFO = NO;
				SDKROOT = iphoneos;
				VALIDATE_PRODUCT = YES;
			};
			name = Release;
		};
		C6C081451B91348E00CB1956 /* Debug */ = {
			isa = XCBuildConfiguration;
			baseConfigurationReference = BB46796662938B457BE76810 /* Pods-Hackathon.debug.xcconfig */;
			buildSettings = {
				ASSETCATALOG_COMPILER_APPICON_NAME = AppIcon;
				CLANG_ENABLE_MODULES = YES;
				INFOPLIST_FILE = Hackathon/Info.plist;
				IPHONEOS_DEPLOYMENT_TARGET = 8.0;
				LD_RUNPATH_SEARCH_PATHS = "$(inherited) @executable_path/Frameworks";
				OTHER_SWIFT_FLAGS = "$(inherited) \"-D\" \"COCOAPODS\" \"-D\" \"DEBUG\"";
				PRODUCT_NAME = "$(TARGET_NAME)";
				SWIFT_OBJC_BRIDGING_HEADER = "Hackathon/Hackathon-Bridging-Header.h";
				SWIFT_OPTIMIZATION_LEVEL = "-Onone";
			};
			name = Debug;
		};
		C6C081461B91348E00CB1956 /* Release */ = {
			isa = XCBuildConfiguration;
			baseConfigurationReference = 748A6DD882FC3E116AFE887E /* Pods-Hackathon.release.xcconfig */;
			buildSettings = {
				ASSETCATALOG_COMPILER_APPICON_NAME = AppIcon;
				CLANG_ENABLE_MODULES = YES;
				INFOPLIST_FILE = Hackathon/Info.plist;
				IPHONEOS_DEPLOYMENT_TARGET = 8.0;
				LD_RUNPATH_SEARCH_PATHS = "$(inherited) @executable_path/Frameworks";
				PRODUCT_NAME = "$(TARGET_NAME)";
				SWIFT_OBJC_BRIDGING_HEADER = "Hackathon/Hackathon-Bridging-Header.h";
			};
			name = Release;
		};
/* End XCBuildConfiguration section */

/* Begin XCConfigurationList section */
		C6C081201B91348E00CB1956 /* Build configuration list for PBXProject "Hackathon" */ = {
			isa = XCConfigurationList;
			buildConfigurations = (
				C6C081421B91348E00CB1956 /* Debug */,
				C6C081431B91348E00CB1956 /* Release */,
			);
			defaultConfigurationIsVisible = 0;
			defaultConfigurationName = Release;
		};
		C6C081441B91348E00CB1956 /* Build configuration list for PBXNativeTarget "Hackathon" */ = {
			isa = XCConfigurationList;
			buildConfigurations = (
				C6C081451B91348E00CB1956 /* Debug */,
				C6C081461B91348E00CB1956 /* Release */,
			);
			defaultConfigurationIsVisible = 0;
			defaultConfigurationName = Release;
		};
/* End XCConfigurationList section */
	};
	rootObject = C6C0811D1B91348E00CB1956 /* Project object */;
}
